
Microsoft Visual Studio Solution File, Format Version 12.00
# Visual Studio Version 17
VisualStudioVersion = 17.9.34728.123
MinimumVisualStudioVersion = 10.0.40219.1
Project("{FAE04EC0-301F-11D3-BF4B-00C04F79EFBC}") = "AzureImages", "AzureImages\AzureImages.csproj", "{72CA1853-88BA-4F71-944F-7174B936DA70}"
EndProject
Global
	GlobalSection(SolutionConfigurationPlatforms) = preSolution
		Debug|Any CPU = Debug|Any CPU
		Release|Any CPU = Release|Any CPU
	EndGlobalSection
	GlobalSection(ProjectConfigurationPlatforms) = postSolution
		{72CA1853-88BA-4F71-944F-7174B936DA70}.Debug|Any CPU.ActiveCfg = Debug|Any CPU
		{72CA1853-88BA-4F71-944F-7174B936DA70}.Debug|Any CPU.Build.0 = Debug|Any CPU
		{72CA1853-88BA-4F71-944F-7174B936DA70}.Release|Any CPU.ActiveCfg = Release|Any CPU
		{72CA1853-88BA-4F71-944F-7174B936DA70}.Release|Any CPU.Build.0 = Release|Any CPU
	EndGlobalSection
	GlobalSection(SolutionProperties) = preSolution
		HideSolutionNode = FALSE
	EndGlobalSection
	GlobalSection(ExtensibilityGlobals) = postSolution
		SolutionGuid = {A2E9E46A-6706-4E65-B890-BF6D78E9BC31}
	EndGlobalSection
EndGlobal
